{
  "nodes": {
    "alacritty": {
      "flake": false,
      "locked": {
        "lastModified": 1602946071,
        "narHash": "sha256-lP9QS34YqUhC7jgwPrOkZkFScQO7GlaDKmwBpAcQnY0=",
        "owner": "alacritty",
        "repo": "alacritty",
        "rev": "21eb84fc5e0e649f53e3785957fa127ee9a78688",
        "type": "github"
      },
      "original": {
        "owner": "alacritty",
        "repo": "alacritty",
        "rev": "21eb84fc5e0e649f53e3785957fa127ee9a78688",
        "type": "github"
      }
    },
    "naersk": {
      "inputs": {
        "nixpkgs": "nixpkgs"
      },
      "locked": {
        "lastModified": 1602173141,
        "narHash": "sha256-m6wU6lP0wf2OMw3KtJqn27ITtg29+ftciGHicLiVSGE=",
        "owner": "nmattia",
        "repo": "naersk",
        "rev": "22b96210b2433228d42bce460f3befbdcfde7520",
        "type": "github"
      },
      "original": {
        "owner": "nmattia",
        "repo": "naersk",
        "type": "github"
      }
    },
    "nixpkgs": {
      "locked": {
        "lastModified": 1603392469,
        "narHash": "sha256-Z2hRz3Te6wKyOi1XQABAECd99Gn4Q8D0YLQbfdlmEyE=",
        "owner": "NixOS",
        "repo": "nixpkgs",
        "rev": "78ff7e0a7a2603fa67546d692d87459674b39b8d",
        "type": "github"
      },
      "original": {
        "id": "nixpkgs",
        "type": "indirect"
      }
    },
    "nixpkgs_2": {
      "locked": {
        "lastModified": 1603153815,
        "narHash": "sha256-uCav0CJ0Zm0vbqJiS9NUYD4XZg4Ww9bbsFzcDUzh2+U=",
        "owner": "nixos",
        "repo": "nixpkgs",
        "rev": "007126eef72271480cb7670e19e501a1ad2c1ff2",
        "type": "github"
      },
      "original": {
        "owner": "nixos",
        "ref": "nixos-unstable",
        "repo": "nixpkgs",
        "type": "github"
      }
    },
    "root": {
      "inputs": {
        "alacritty": "alacritty",
        "naersk": "naersk",
        "nixpkgs": "nixpkgs_2"
      }
    }
  },
  "root": "root",
  "version": 7
}
