{
  "nodes": {
    "alacritty": {
      "flake": false,
      "locked": {
        "lastModified": 1605246009,
        "narHash": "sha256-uCNBlzkFASbVou+ALphqoyKvQyZ3AhZwkFdHPVRQpbY=",
        "owner": "alacritty",
        "repo": "alacritty",
        "rev": "9a7844987693909925b8663d8aa905231d291410",
        "type": "github"
      },
      "original": {
        "owner": "alacritty",
        "repo": "alacritty",
        "type": "github"
      }
    },
    "naersk": {
      "inputs": {
        "nixpkgs": "nixpkgs"
      },
      "locked": {
        "lastModified": 1605267184,
        "narHash": "sha256-0FSNlq6nN0/W88fg5kTkgRhAOQ8pI+uSZqBG9w49pMM=",
        "owner": "nmattia",
        "repo": "naersk",
        "rev": "ce273fa593dcc94a629d0d869f07d96d2b337e37",
        "type": "github"
      },
      "original": {
        "owner": "nmattia",
        "repo": "naersk",
        "type": "github"
      }
    },
    "nixpkgs": {
      "locked": {
        "lastModified": 1605285213,
        "narHash": "sha256-FeR6C/+DxmrzJeCyJZnQLZugP9O2fOp0rWp9aV/xFys=",
        "owner": "NixOS",
        "repo": "nixpkgs",
        "rev": "c9845cdaeda85ceac5697e05e880380156c52868",
        "type": "github"
      },
      "original": {
        "id": "nixpkgs",
        "type": "indirect"
      }
    },
    "nixpkgs_2": {
      "locked": {
        "lastModified": 1605171959,
        "narHash": "sha256-JIM7QrQ2jpnA6qRfP8MzXD8USiWYStfL9Cssz01QvMw=",
        "owner": "nixos",
        "repo": "nixpkgs",
        "rev": "a371c1071161104d329f6a85d922fd92b7cbab63",
        "type": "github"
      },
      "original": {
        "owner": "nixos",
        "ref": "nixos-unstable",
        "repo": "nixpkgs",
        "type": "github"
      }
    },
    "root": {
      "inputs": {
        "alacritty": "alacritty",
        "naersk": "naersk",
        "nixpkgs": "nixpkgs_2"
      }
    }
  },
  "root": "root",
  "version": 7
}
