{
  "nodes": {
    "alacritty": {
      "flake": false,
      "locked": {
        "lastModified": 1604551514,
        "narHash": "sha256-0RP75ZkSrFLdLCSC2W8nyaz80j51L8DC2WmKkDO0Org=",
        "owner": "alacritty",
        "repo": "alacritty",
        "rev": "ec42b42ce601808070462111c0c28edb0e89babb",
        "type": "github"
      },
      "original": {
        "owner": "alacritty",
        "repo": "alacritty",
        "type": "github"
      }
    },
    "naersk": {
      "inputs": {
        "nixpkgs": "nixpkgs"
      },
      "locked": {
        "lastModified": 1603963015,
        "narHash": "sha256-PcHlJHKu9Hj7tquEwh0vNdL2RoU4ocRtWZDvaYPzEpo=",
        "owner": "nmattia",
        "repo": "naersk",
        "rev": "d645515b7159c75087b3d51f23a68047c2c09699",
        "type": "github"
      },
      "original": {
        "owner": "nmattia",
        "repo": "naersk",
        "type": "github"
      }
    },
    "nixpkgs": {
      "locked": {
        "lastModified": 1604548006,
        "narHash": "sha256-9AsIHSeiathaJ1B8EcjdNN+RBrF9LQ9BV8amdPWPPPU=",
        "owner": "NixOS",
        "repo": "nixpkgs",
        "rev": "43f23f5c1974e1459b4493472825115639dbbb9f",
        "type": "github"
      },
      "original": {
        "id": "nixpkgs",
        "type": "indirect"
      }
    },
    "nixpkgs_2": {
      "locked": {
        "lastModified": 1604369895,
        "narHash": "sha256-uB/ihiWdfTjVQ9sKdtj6xeyvb41uC2J4MXiOLkwJccs=",
        "owner": "nixos",
        "repo": "nixpkgs",
        "rev": "34ad166a830d3ac1541dcce571c52231f2f0865a",
        "type": "github"
      },
      "original": {
        "owner": "nixos",
        "ref": "nixos-unstable",
        "repo": "nixpkgs",
        "type": "github"
      }
    },
    "root": {
      "inputs": {
        "alacritty": "alacritty",
        "naersk": "naersk",
        "nixpkgs": "nixpkgs_2"
      }
    }
  },
  "root": "root",
  "version": 7
}
